
Microsoft Visual Studio Solution File, Format Version 12.00
# Visual Studio Version 17
VisualStudioVersion = 17.14.36518.9
MinimumVisualStudioVersion = 10.0.40219.1
Project("{FAE04EC0-301F-11D3-BF4B-00C04F79EFBC}") = "0202filess", "0202filess.csproj", "{762D0470-A6E4-4775-8A53-5BCB9911BC53}"
EndProject
Project("{FAE04EC0-301F-11D3-BF4B-00C04F79EFBC}") = "FileManagerLb", "..\FileManagerLb\FileManagerLb.csproj", "{4711B180-B35F-43E7-9469-F8A0D9D04DF8}"
EndProject
Project("{FAE04EC0-301F-11D3-BF4B-00C04F79EFBC}") = "FileManagerTest", "..\FileManagerTest\FileManagerTest.csproj", "{4AB8C73A-0788-4511-A160-3E2259D658F1}"
EndProject
Global
	GlobalSection(SolutionConfigurationPlatforms) = preSolution
		Debug|Any CPU = Debug|Any CPU
		Release|Any CPU = Release|Any CPU
	EndGlobalSection
	GlobalSection(ProjectConfigurationPlatforms) = postSolution
		{762D0470-A6E4-4775-8A53-5BCB9911BC53}.Debug|Any CPU.ActiveCfg = Debug|Any CPU
		{762D0470-A6E4-4775-8A53-5BCB9911BC53}.Debug|Any CPU.Build.0 = Debug|Any CPU
		{762D0470-A6E4-4775-8A53-5BCB9911BC53}.Release|Any CPU.ActiveCfg = Release|Any CPU
		{762D0470-A6E4-4775-8A53-5BCB9911BC53}.Release|Any CPU.Build.0 = Release|Any CPU
		{4711B180-B35F-43E7-9469-F8A0D9D04DF8}.Debug|Any CPU.ActiveCfg = Debug|Any CPU
		{4711B180-B35F-43E7-9469-F8A0D9D04DF8}.Debug|Any CPU.Build.0 = Debug|Any CPU
		{4711B180-B35F-43E7-9469-F8A0D9D04DF8}.Release|Any CPU.ActiveCfg = Release|Any CPU
		{4711B180-B35F-43E7-9469-F8A0D9D04DF8}.Release|Any CPU.Build.0 = Release|Any CPU
		{4AB8C73A-0788-4511-A160-3E2259D658F1}.Debug|Any CPU.ActiveCfg = Debug|Any CPU
		{4AB8C73A-0788-4511-A160-3E2259D658F1}.Debug|Any CPU.Build.0 = Debug|Any CPU
		{4AB8C73A-0788-4511-A160-3E2259D658F1}.Release|Any CPU.ActiveCfg = Release|Any CPU
		{4AB8C73A-0788-4511-A160-3E2259D658F1}.Release|Any CPU.Build.0 = Release|Any CPU
	EndGlobalSection
	GlobalSection(SolutionProperties) = preSolution
		HideSolutionNode = FALSE
	EndGlobalSection
	GlobalSection(ExtensibilityGlobals) = postSolution
		SolutionGuid = {AEA4AD0A-2BE4-4BAF-8550-D3647AB78769}
	EndGlobalSection
EndGlobal
